{
  "name": "restoration-tooling",
  "lockfileVersion": 3,
  "requires": true,
  "packages": {
    "": {
      "name": "restoration-tooling",
      "devDependencies": {
        "@scientific-method/executable-reader": "2.4.0",
        "@scientific-method/standard-checker": "2.9.0"
      },
      "engines": {
        "node": ">=22"
      }
    },
    "node_modules/@node-rs/xxhash": {
      "version": "1.7.8",
      "resolved": "https://registry.npmjs.org/@node-rs/xxhash/-/xxhash-1.7.8.tgz",
      "integrity": "sha512-sXiVUI18qaCei5Y5qXty7xfEKrk4Vx89qKNZkG2sGWZG/iTThO3Xmnp5IjQpXCy941IksVDcl41HhvWRuhDLyw==",
      "dev": true,
      "license": "MIT",
      "engines": {
        "node": ">= 12"
      },
      "funding": {
        "type": "github",
        "url": "https://github.com/sponsors/Brooooooklyn"
      },
      "optionalDependencies": {
        "@node-rs/xxhash-android-arm-eabi": "1.7.8",
        "@node-rs/xxhash-android-arm64": "1.7.8",
        "@node-rs/xxhash-darwin-arm64": "1.7.8",
        "@node-rs/xxhash-darwin-x64": "1.7.8",
        "@node-rs/xxhash-freebsd-x64": "1.7.8",
        "@node-rs/xxhash-linux-arm-gnueabihf": "1.7.8",
        "@node-rs/xxhash-linux-arm64-gnu": "1.7.8",
        "@node-rs/xxhash-linux-arm64-musl": "1.7.8",
        "@node-rs/xxhash-linux-x64-gnu": "1.7.8",
        "@node-rs/xxhash-linux-x64-musl": "1.7.8",
        "@node-rs/xxhash-win32-arm64-msvc": "1.7.8",
        "@node-rs/xxhash-win32-ia32-msvc": "1.7.8",
        "@node-rs/xxhash-win32-x64-msvc": "1.7.8"
      }
    },
    "node_modules/@node-rs/xxhash-android-arm-eabi": {
      "version": "1.7.8",
      "resolved": "https://registry.npmjs.org/@node-rs/xxhash-android-arm-eabi/-/xxhash-android-arm-eabi-1.7.8.tgz",
      "integrity": "sha512-dOwbmnDzULc5uRgbIvcrxDa7vGdk51GQVREcY98DdxTBd0lomRg/gqAR9ny/S533cD5QTRSvrK+q8KEJMqoG4w==",
      "cpu": [
        "arm"
      ],
      "dev": true,
      "license": "MIT",
      "optional": true,
      "os": [
        "android"
      ],
      "engines": {
        "node": ">= 12"
      }
    },
    "node_modules/@node-rs/xxhash-android-arm64": {
      "version": "1.7.8",
      "resolved": "https://registry.npmjs.org/@node-rs/xxhash-android-arm64/-/xxhash-android-arm64-1.7.8.tgz",
      "integrity": "sha512-djHN4MBgYkD0uPIGM+IyWrO5aT4vEdsO5bzNxV2+NVl7r1Hdk3PB7GIv0BOKV1C+fkBGXHYJ5xezlOEY1LFDzA==",
      "cpu": [
        "arm64"
      ],
      "dev": true,
      "license": "MIT",
      "optional": true,
      "os": [
        "android"
      ],
      "engines": {
        "node": ">= 12"
      }
    },
    "node_modules/@node-rs/xxhash-darwin-arm64": {
      "version": "1.7.8",
      "resolved": "https://registry.npmjs.org/@node-rs/xxhash-darwin-arm64/-/xxhash-darwin-arm64-1.7.8.tgz",
      "integrity": "sha512-cwhxfUesdIPesdN23VSwh7Ypx9Kx4gvVmH3v6UINADcavnBeizdWRXXefRzdckDphUM2y8WGLko9WMM/86KHYQ==",
      "cpu": [
        "arm64"
      ],
      "dev": true,
      "license": "MIT",
      "optional": true,
      "os": [
        "darwin"
      ],
      "engines": {
        "node": ">= 12"
      }
    },
    "node_modules/@node-rs/xxhash-darwin-x64": {
      "version": "1.7.8",
      "resolved": "https://registry.npmjs.org/@node-rs/xxhash-darwin-x64/-/xxhash-darwin-x64-1.7.8.tgz",
      "integrity": "sha512-YO1x98WbSnMdkaiJiKojnMxNaNxg2QrnHz7W9U4BTSw/IcvvpXGFNxNaSm0FYtO6lZAlfvQpiDr4XGXFXjJtJw==",
      "cpu": [
        "x64"
      ],
      "dev": true,
      "license": "MIT",
      "optional": true,
      "os": [
        "darwin"
      ],
      "engines": {
        "node": ">= 12"
      }
    },
    "node_modules/@node-rs/xxhash-freebsd-x64": {
      "version": "1.7.8",
      "resolved": "https://registry.npmjs.org/@node-rs/xxhash-freebsd-x64/-/xxhash-freebsd-x64-1.7.8.tgz",
      "integrity": "sha512-MDsskeigVvvGNEm7G9avNKyHeoqgzBCaDo6KLYsi0T/nEBih+xybVIjZ57+GPxTnpUbet8SrcmU64DgAQC5Rnw==",
      "cpu": [
        "x64"
      ],
      "dev": true,
      "license": "MIT",
      "optional": true,
      "os": [
        "freebsd"
      ],
      "engines": {
        "node": ">= 12"
      }
    },
    "node_modules/@node-rs/xxhash-linux-arm-gnueabihf": {
      "version": "1.7.8",
      "resolved": "https://registry.npmjs.org/@node-rs/xxhash-linux-arm-gnueabihf/-/xxhash-linux-arm-gnueabihf-1.7.8.tgz",
      "integrity": "sha512-ld25nCGEGedwnmn2YgpFbgQNdKnvdQXDeqrwqMuORIbRhtc+QOm1dlcbq+tULN2Vii9G0bcpb6i1lPTEv5ejyQ==",
      "cpu": [
        "arm"
      ],
      "dev": true,
      "license": "MIT",
      "optional": true,
      "os": [
        "linux"
      ],
      "engines": {
        "node": ">= 12"
      }
    },
    "node_modules/@node-rs/xxhash-linux-arm64-gnu": {
      "version": "1.7.8",
      "resolved": "https://registry.npmjs.org/@node-rs/xxhash-linux-arm64-gnu/-/xxhash-linux-arm64-gnu-1.7.8.tgz",
      "integrity": "sha512-Z9YH6BQ1Zywk/nl0j9MG3jRBsIYOed6rSZAGTMT4p924wo9nHll39DZ9hd43kksofInkXOv3WMemzDy7zQ6QFw==",
      "cpu": [
        "arm64"
      ],
      "dev": true,
      "libc": [
        "glibc"
      ],
      "license": "MIT",
      "optional": true,
      "os": [
        "linux"
      ],
      "engines": {
        "node": ">= 12"
      }
    },
    "node_modules/@node-rs/xxhash-linux-arm64-musl": {
      "version": "1.7.8",
      "resolved": "https://registry.npmjs.org/@node-rs/xxhash-linux-arm64-musl/-/xxhash-linux-arm64-musl-1.7.8.tgz",
      "integrity": "sha512-L847azl5081s2QEsX8KqQF8sJAYw1W7j7rpBQH4l5IBC2/kITgdXTNVmPM/MrDHXI2OumKCtRVoNTVuEP8zYVg==",
      "cpu": [
        "arm64"
      ],
      "dev": true,
      "libc": [
        "musl"
      ],
      "license": "MIT",
      "optional": true,
      "os": [
        "linux"
      ],
      "engines": {
        "node": ">= 12"
      }
    },
    "node_modules/@node-rs/xxhash-linux-x64-gnu": {
      "version": "1.7.8",
      "resolved": "https://registry.npmjs.org/@node-rs/xxhash-linux-x64-gnu/-/xxhash-linux-x64-gnu-1.7.8.tgz",
      "integrity": "sha512-tWvNBiFu73/gbZ57uU/3T/3tJ/q+NFAYQj06hsORt6qtllGLz0wJ7azYG/ZlJBfijJA0K7fT+3rThzKJlIdkZg==",
      "cpu": [
        "x64"
      ],
      "dev": true,
      "libc": [
        "glibc"
      ],
      "license": "MIT",
      "optional": true,
      "os": [
        "linux"
      ],
      "engines": {
        "node": ">= 12"
      }
    },
    "node_modules/@node-rs/xxhash-linux-x64-musl": {
      "version": "1.7.8",
      "resolved": "https://registry.npmjs.org/@node-rs/xxhash-linux-x64-musl/-/xxhash-linux-x64-musl-1.7.8.tgz",
      "integrity": "sha512-HW29+JFyWbBHYzD/SfwkD9xxj5k2VH/VqG+Ltn9JH0PlJHvLQtG4IgXxLPboF9e6Kmwb1fjjBJn46GdT8hxA1w==",
      "cpu": [
        "x64"
      ],
      "dev": true,
      "libc": [
        "musl"
      ],
      "license": "MIT",
      "optional": true,
      "os": [
        "linux"
      ],
      "engines": {
        "node": ">= 12"
      }
    },
    "node_modules/@node-rs/xxhash-win32-arm64-msvc": {
      "version": "1.7.8",
      "resolved": "https://registry.npmjs.org/@node-rs/xxhash-win32-arm64-msvc/-/xxhash-win32-arm64-msvc-1.7.8.tgz",
      "integrity": "sha512-3vf7hmj1LVOfrUXMfRZI67G9h6fNjWg39vmgbD/IQdC/CQ/39aAXvnNmOY0MJNEnVixml668CCiyRccll0ZiyQ==",
      "cpu": [
        "arm64"
      ],
      "dev": true,
      "license": "MIT",
      "optional": true,
      "os": [
        "win32"
      ],
      "engines": {
        "node": ">= 12"
      }
    },
    "node_modules/@node-rs/xxhash-win32-ia32-msvc": {
      "version": "1.7.8",
      "resolved": "https://registry.npmjs.org/@node-rs/xxhash-win32-ia32-msvc/-/xxhash-win32-ia32-msvc-1.7.8.tgz",
      "integrity": "sha512-1yqUghB7/Megd3AhDO5KkOi/SiVtK+l0ERunxOTiDLmxvO3Vs4nmb3IW2EmH6mNPB732YYN8I2Y4ZQi3eJRt9Q==",
      "cpu": [
        "ia32"
      ],
      "dev": true,
      "license": "MIT",
      "optional": true,
      "os": [
        "win32"
      ],
      "engines": {
        "node": ">= 12"
      }
    },
    "node_modules/@node-rs/xxhash-win32-x64-msvc": {
      "version": "1.7.8",
      "resolved": "https://registry.npmjs.org/@node-rs/xxhash-win32-x64-msvc/-/xxhash-win32-x64-msvc-1.7.8.tgz",
      "integrity": "sha512-gccfpBxTsIAtwx23lvw40j+8moYQWBjc9/1ainrRBSke9HV4Oo8d4xQLgcR1wUXBhwE4mtK/f0T4EAE2oshOkg==",
      "cpu": [
        "x64"
      ],
      "dev": true,
      "license": "MIT",
      "optional": true,
      "os": [
        "win32"
      ],
      "engines": {
        "node": ">= 12"
      }
    },
    "node_modules/@scientific-method/executable-reader": {
      "version": "2.4.0",
      "resolved": "https://registry.npmjs.org/@scientific-method/executable-reader/-/executable-reader-2.4.0.tgz",
      "integrity": "sha512-hvPt/9D1PU5LDMAMB7ZsVJwKV07ne8qaMgatZOWQ560hKazBaF0Sx3vJ3GoYxOHen5Q+3KKIIhKtALg2oDsSVA==",
      "dev": true,
      "license": "MIT",
      "dependencies": {
        "@node-rs/xxhash": "1.7.8"
      },
      "bin": {
        "scientific-method": "dist/bin/scientific-method.js"
      },
      "engines": {
        "node": ">=22"
      }
    },
    "node_modules/@scientific-method/standard-checker": {
      "version": "2.9.0",
      "resolved": "https://registry.npmjs.org/@scientific-method/standard-checker/-/standard-checker-2.9.0.tgz",
      "integrity": "sha512-f2/T0ccEdMX3jBxyoUGGe0x5jFis60nBqiQaETtde0Nvbus2bDBFIpdjKr4kdrhhlhYAfwqI0/g5Q6lFkh8I+g==",
      "dev": true,
      "license": "MIT",
      "bin": {
        "standard-checker": "dist/standard-checker.js",
        "standard-coverage": "dist/coverage.js"
      },
      "engines": {
        "node": ">=22"
      }
    }
  }
}
