{
  "version": 1,
  "dependencies": {
    "net10.0": {
      "RefurbishedDinosaurs.Core": {
        "type": "Direct",
        "requested": "[6.6.0, 6.6.0]",
        "resolved": "6.6.0",
        "contentHash": "djUVMM9ter6Ia7GE4JNCtxyEL5tPJ269F5AO7b9GDHPFt4NEIlbYnxb484ix4U0qssMvwEQS+JQ8qSsLF1wgig==",
        "dependencies": {
          "System.IO.Hashing": "10.0.12"
        }
      },
      "RefurbishedDinosaurs.LegacyFormats": {
        "type": "Direct",
        "requested": "[6.6.0, 6.6.0]",
        "resolved": "6.6.0",
        "contentHash": "iQygm99+qyT/JtZ+eFf1GBnlB+2Ie2lOq5jKckCZMV4tbOg5hBJoK74T/frJaUXIlIKXSIXZx4KcZgKYds3sHA==",
        "dependencies": {
          "RefurbishedDinosaurs.Core": "6.6.0"
        }
      },
      "System.IO.Hashing": {
        "type": "Transitive",
        "resolved": "10.0.12",
        "contentHash": "jDix4bBMYnpZdSPcnY+KDV6ik3SRMzpMKby/bZl/XUwIiflwRNAFZ0oOl61R/pSaveIJ8t1gs2BUlrGsPs/bcg=="
      }
    }
  }
}