{
  "version": 1,
  "dependencies": {
    "net10.0": {
      "RefurbishedDinosaurs.Media.Fli": {
        "type": "Direct",
        "requested": "[11.3.0, 11.3.0]",
        "resolved": "11.3.0",
        "contentHash": "G8nyvWIjZDqBTdeXSAgjgEd1AINTZ4jodPoWq6QFOazFcJbaACq6oiSeit8idsgfSx64XnTcvezeljMysnzaqw=="
      },
      "RefurbishedDinosaurs.Core": {
        "type": "Transitive",
        "resolved": "11.3.0",
        "contentHash": "/cSy5TM0pWDCuDFniamTZs5l4dth/TBUOeNlkgJT/sze/G3YjcpWgpJpRcpgmKE6ULudIRYiBgwJ8idOxo4ZEw==",
        "dependencies": {
          "System.IO.Hashing": "10.0.12"
        }
      },
      "RefurbishedDinosaurs.LegacyFormats": {
        "type": "Transitive",
        "resolved": "11.3.0",
        "contentHash": "ZYILKc07u/IGA+PAhPVMiM5E+E45oOwPHEPZQeIGvVi+Iy+8t4/djg5RTVJYD6nUm2t289SiP/ByNHn5SmToPw==",
        "dependencies": {
          "RefurbishedDinosaurs.Core": "11.3.0"
        }
      },
      "System.IO.Hashing": {
        "type": "Transitive",
        "resolved": "10.0.12",
        "contentHash": "jDix4bBMYnpZdSPcnY+KDV6ik3SRMzpMKby/bZl/XUwIiflwRNAFZ0oOl61R/pSaveIJ8t1gs2BUlrGsPs/bcg=="
      },
      "darksunwakeredux.resources": {
        "type": "Project",
        "dependencies": {
          "RefurbishedDinosaurs.Core": "[11.3.0, 11.3.0]",
          "RefurbishedDinosaurs.LegacyFormats": "[11.3.0, 11.3.0]"
        }
      }
    }
  }
}