{
  "version": 1,
  "dependencies": {
    "net10.0": {
      "RefurbishedDinosaurs.Media.Fli": {
        "type": "Direct",
        "requested": "[11.0.0, 11.0.0]",
        "resolved": "11.0.0",
        "contentHash": "OS7N+oIHh+39YkgRG9QBla+xw1XYZAirccOwWopT9YXO3b3DU/Q147mCv/rUl0stM9XV0YnlqIeRek/nmoN/WQ=="
      },
      "RefurbishedDinosaurs.Core": {
        "type": "Transitive",
        "resolved": "11.0.0",
        "contentHash": "fmCgsDLIQTD01uIVmd3ugI4vDlhl3/1Onagjeyd+SRzfuHazgvTX1btmxaUTjf8D+DZcyV8D1M+H2mqVhSFZ/Q==",
        "dependencies": {
          "System.IO.Hashing": "10.0.12"
        }
      },
      "RefurbishedDinosaurs.LegacyFormats": {
        "type": "Transitive",
        "resolved": "11.0.0",
        "contentHash": "Ae38YLzjjbASPiKRvAh6FXlCtrv4V37Hw80K7+qoi/dnrwsdfdBSbfmAwsPvUlVRNoSv1yLgVy7PN2Sucs61yQ==",
        "dependencies": {
          "RefurbishedDinosaurs.Core": "11.0.0"
        }
      },
      "System.IO.Hashing": {
        "type": "Transitive",
        "resolved": "10.0.12",
        "contentHash": "jDix4bBMYnpZdSPcnY+KDV6ik3SRMzpMKby/bZl/XUwIiflwRNAFZ0oOl61R/pSaveIJ8t1gs2BUlrGsPs/bcg=="
      },
      "darksunwakeredux.resources": {
        "type": "Project",
        "dependencies": {
          "RefurbishedDinosaurs.Core": "[11.0.0, 11.0.0]",
          "RefurbishedDinosaurs.LegacyFormats": "[11.0.0, 11.0.0]"
        }
      }
    }
  }
}